// !$*UTF8*$!
{
	archiveVersion = 1;
	classes = {
	};
	objectVersion = 46;
	objects = {

/* Begin PBXBuildFile section */
		69A04070CE2925AAAE395F0F /* Pods_CurrencyTickerKit.framework in Frameworks */ = {isa = PBXBuildFile; fileRef = 69268FCC557552001D1EF45B /* Pods_CurrencyTickerKit.framework */; };
		6F0A08FA17C6BD5D14B047CD /* Pods_CurrencyTickeriOS.framework in Frameworks */ = {isa = PBXBuildFile; fileRef = 6E016324819872F6F7549063 /* Pods_CurrencyTickeriOS.framework */; };
		7C0E0461708F5A70CA8A307B /* Pods_CurrencyTicker.framework in Frameworks */ = {isa = PBXBuildFile; fileRef = CB93FDA6F512C2E4D0CA38C6 /* Pods_CurrencyTicker.framework */; };
		93F8933172C6CDFA680E1D73 /* Pods_CurrencyTickerKitTests.framework in Frameworks */ = {isa = PBXBuildFile; fileRef = 7AB5A13AB8AEE4CAD7E1121A /* Pods_CurrencyTickerKitTests.framework */; };
		ED22F4CD1E57636C00E98912 /* AppDelegate.swift in Sources */ = {isa = PBXBuildFile; fileRef = ED22F4CC1E57636C00E98912 /* AppDelegate.swift */; };
		ED22F4CF1E57636C00E98912 /* ViewController.swift in Sources */ = {isa = PBXBuildFile; fileRef = ED22F4CE1E57636C00E98912 /* ViewController.swift */; };
		ED22F4D21E57636C00E98912 /* Main.storyboard in Resources */ = {isa = PBXBuildFile; fileRef = ED22F4D01E57636C00E98912 /* Main.storyboard */; };
		ED22F4D41E57636C00E98912 /* Assets.xcassets in Resources */ = {isa = PBXBuildFile; fileRef = ED22F4D31E57636C00E98912 /* Assets.xcassets */; };
		ED22F4D71E57636C00E98912 /* LaunchScreen.storyboard in Resources */ = {isa = PBXBuildFile; fileRef = ED22F4D51E57636C00E98912 /* LaunchScreen.storyboard */; };
		ED22F4E21E57636C00E98912 /* CurrencyTickerTests.swift in Sources */ = {isa = PBXBuildFile; fileRef = ED22F4E11E57636C00E98912 /* CurrencyTickerTests.swift */; };
		ED22F4FA1E5767AD00E98912 /* CurrencyTickerKit.framework in Frameworks */ = {isa = PBXBuildFile; fileRef = ED22F4F11E5767AD00E98912 /* CurrencyTickerKit.framework */; };
		ED22F5011E5767AD00E98912 /* CurrencyTickerKitTests.swift in Sources */ = {isa = PBXBuildFile; fileRef = ED22F5001E5767AD00E98912 /* CurrencyTickerKitTests.swift */; };
		ED22F5031E5767AD00E98912 /* CurrencyTickerKit.h in Headers */ = {isa = PBXBuildFile; fileRef = ED22F4F31E5767AD00E98912 /* CurrencyTickerKit.h */; settings = {ATTRIBUTES = (Public, ); }; };
		ED22F5061E5767AD00E98912 /* CurrencyTickerKit.framework in Frameworks */ = {isa = PBXBuildFile; fileRef = ED22F4F11E5767AD00E98912 /* CurrencyTickerKit.framework */; };
		ED22F5071E5767AD00E98912 /* CurrencyTickerKit.framework in Embed Frameworks */ = {isa = PBXBuildFile; fileRef = ED22F4F11E5767AD00E98912 /* CurrencyTickerKit.framework */; settings = {ATTRIBUTES = (CodeSignOnCopy, RemoveHeadersOnCopy, ); }; };
		ED22F51D1E5767BB00E98912 /* CurrencyTickeriOS.framework in Frameworks */ = {isa = PBXBuildFile; fileRef = ED22F5141E5767BB00E98912 /* CurrencyTickeriOS.framework */; };
		ED22F5241E5767BB00E98912 /* CurrencyTickeriOSTests.swift in Sources */ = {isa = PBXBuildFile; fileRef = ED22F5231E5767BB00E98912 /* CurrencyTickeriOSTests.swift */; };
		ED22F5261E5767BB00E98912 /* CurrencyTickeriOS.h in Headers */ = {isa = PBXBuildFile; fileRef = ED22F5161E5767BB00E98912 /* CurrencyTickeriOS.h */; settings = {ATTRIBUTES = (Public, ); }; };
		ED22F5291E5767BB00E98912 /* CurrencyTickeriOS.framework in Frameworks */ = {isa = PBXBuildFile; fileRef = ED22F5141E5767BB00E98912 /* CurrencyTickeriOS.framework */; };
		ED22F52A1E5767BB00E98912 /* CurrencyTickeriOS.framework in Embed Frameworks */ = {isa = PBXBuildFile; fileRef = ED22F5141E5767BB00E98912 /* CurrencyTickeriOS.framework */; settings = {ATTRIBUTES = (CodeSignOnCopy, RemoveHeadersOnCopy, ); }; };
		ED22F5321E5768F200E98912 /* Podfile in Resources */ = {isa = PBXBuildFile; fileRef = ED22F5311E5768F200E98912 /* Podfile */; };
		ED88EF211E5795CA0088B0C0 /* YahooFinanceRouter.swift in Sources */ = {isa = PBXBuildFile; fileRef = ED88EF201E5795CA0088B0C0 /* YahooFinanceRouter.swift */; };
		ED88EF241E579DCD0088B0C0 /* DateFormatters.swift in Sources */ = {isa = PBXBuildFile; fileRef = ED88EF231E579DCD0088B0C0 /* DateFormatters.swift */; };
		ED88EF291E57A2370088B0C0 /* DateFormattersSpec.swift in Sources */ = {isa = PBXBuildFile; fileRef = ED88EF281E57A2370088B0C0 /* DateFormattersSpec.swift */; };
		ED88EF2B1E57A4010088B0C0 /* YahooFinanceRouterSpec.swift in Sources */ = {isa = PBXBuildFile; fileRef = ED88EF2A1E57A4010088B0C0 /* YahooFinanceRouterSpec.swift */; };
		ED88EF321E57A6D00088B0C0 /* YahooFinance.swift in Sources */ = {isa = PBXBuildFile; fileRef = ED88EF311E57A6D00088B0C0 /* YahooFinance.swift */; };
		ED88EF351E57B2310088B0C0 /* currency_list.json in Resources */ = {isa = PBXBuildFile; fileRef = ED88EF341E57B2310088B0C0 /* currency_list.json */; };
		EDE295211E57B31F00BF4F7A /* YahooCurrencySpec.swift in Sources */ = {isa = PBXBuildFile; fileRef = EDE295201E57B31F00BF4F7A /* YahooCurrencySpec.swift */; };
		EDE295231E57B75100BF4F7A /* Bundle.swift in Sources */ = {isa = PBXBuildFile; fileRef = EDE295221E57B75100BF4F7A /* Bundle.swift */; };
		EDE295251E584C7E00BF4F7A /* YahooDecoders.swift in Sources */ = {isa = PBXBuildFile; fileRef = EDE295241E584C7E00BF4F7A /* YahooDecoders.swift */; };
		EDE295271E5850F500BF4F7A /* YahooDecodersSpec.swift in Sources */ = {isa = PBXBuildFile; fileRef = EDE295261E5850F500BF4F7A /* YahooDecodersSpec.swift */; };
		EDE295291E585E6200BF4F7A /* currency_exchange.json in Resources */ = {isa = PBXBuildFile; fileRef = EDE295281E585E6200BF4F7A /* currency_exchange.json */; };
		EDE2952B1E58675400BF4F7A /* currency_historical_data.json in Resources */ = {isa = PBXBuildFile; fileRef = EDE2952A1E58675400BF4F7A /* currency_historical_data.json */; };
		EDE2952D1E58795E00BF4F7A /* YahooFinanceAPI.swift in Sources */ = {isa = PBXBuildFile; fileRef = EDE2952C1E58795E00BF4F7A /* YahooFinanceAPI.swift */; };
		EDE2952F1E58813D00BF4F7A /* YahooFinanceContainers.swift in Sources */ = {isa = PBXBuildFile; fileRef = EDE2952E1E58813D00BF4F7A /* YahooFinanceContainers.swift */; };
/* End PBXBuildFile section */

/* Begin PBXContainerItemProxy section */
		ED22F4DE1E57636C00E98912 /* PBXContainerItemProxy */ = {
			isa = PBXContainerItemProxy;
			containerPortal = ED22F4C11E57636C00E98912 /* Project object */;
			proxyType = 1;
			remoteGlobalIDString = ED22F4C81E57636C00E98912;
			remoteInfo = CurrencyTicker;
		};
		ED22F4FB1E5767AD00E98912 /* PBXContainerItemProxy */ = {
			isa = PBXContainerItemProxy;
			containerPortal = ED22F4C11E57636C00E98912 /* Project object */;
			proxyType = 1;
			remoteGlobalIDString = ED22F4F01E5767AD00E98912;
			remoteInfo = CurrencyTickerKit;
		};
		ED22F4FD1E5767AD00E98912 /* PBXContainerItemProxy */ = {
			isa = PBXContainerItemProxy;
			containerPortal = ED22F4C11E57636C00E98912 /* Project object */;
			proxyType = 1;
			remoteGlobalIDString = ED22F4C81E57636C00E98912;
			remoteInfo = CurrencyTicker;
		};
		ED22F5041E5767AD00E98912 /* PBXContainerItemProxy */ = {
			isa = PBXContainerItemProxy;
			containerPortal = ED22F4C11E57636C00E98912 /* Project object */;
			proxyType = 1;
			remoteGlobalIDString = ED22F4F01E5767AD00E98912;
			remoteInfo = CurrencyTickerKit;
		};
		ED22F51E1E5767BB00E98912 /* PBXContainerItemProxy */ = {
			isa = PBXContainerItemProxy;
			containerPortal = ED22F4C11E57636C00E98912 /* Project object */;
			proxyType = 1;
			remoteGlobalIDString = ED22F5131E5767BB00E98912;
			remoteInfo = CurrencyTickeriOS;
		};
		ED22F5201E5767BB00E98912 /* PBXContainerItemProxy */ = {
			isa = PBXContainerItemProxy;
			containerPortal = ED22F4C11E57636C00E98912 /* Project object */;
			proxyType = 1;
			remoteGlobalIDString = ED22F4C81E57636C00E98912;
			remoteInfo = CurrencyTicker;
		};
		ED22F5271E5767BB00E98912 /* PBXContainerItemProxy */ = {
			isa = PBXContainerItemProxy;
			containerPortal = ED22F4C11E57636C00E98912 /* Project object */;
			proxyType = 1;
			remoteGlobalIDString = ED22F5131E5767BB00E98912;
			remoteInfo = CurrencyTickeriOS;
		};
/* End PBXContainerItemProxy section */

/* Begin PBXCopyFilesBuildPhase section */
		ED22F50B1E5767AD00E98912 /* Embed Frameworks */ = {
			isa = PBXCopyFilesBuildPhase;
			buildActionMask = 2147483647;
			dstPath = "";
			dstSubfolderSpec = 10;
			files = (
				ED22F5071E5767AD00E98912 /* CurrencyTickerKit.framework in Embed Frameworks */,
				ED22F52A1E5767BB00E98912 /* CurrencyTickeriOS.framework in Embed Frameworks */,
			);
			name = "Embed Frameworks";
			runOnlyForDeploymentPostprocessing = 0;
		};
/* End PBXCopyFilesBuildPhase section */

/* Begin PBXFileReference section */
		0C8196A3070CA7A92E5C337D /* Pods-CurrencyTickerKitTests.release.xcconfig */ = {isa = PBXFileReference; includeInIndex = 1; lastKnownFileType = text.xcconfig; name = "Pods-CurrencyTickerKitTests.release.xcconfig"; path = "Pods/Target Support Files/Pods-CurrencyTickerKitTests/Pods-CurrencyTickerKitTests.release.xcconfig"; sourceTree = "<group>"; };
		11FB46D774043C93CA81DA69 /* Pods-CurrencyTickerKit.release.xcconfig */ = {isa = PBXFileReference; includeInIndex = 1; lastKnownFileType = text.xcconfig; name = "Pods-CurrencyTickerKit.release.xcconfig"; path = "Pods/Target Support Files/Pods-CurrencyTickerKit/Pods-CurrencyTickerKit.release.xcconfig"; sourceTree = "<group>"; };
		45F2007B18F31565FC5575A3 /* Pods-CurrencyTickerKit.debug.xcconfig */ = {isa = PBXFileReference; includeInIndex = 1; lastKnownFileType = text.xcconfig; name = "Pods-CurrencyTickerKit.debug.xcconfig"; path = "Pods/Target Support Files/Pods-CurrencyTickerKit/Pods-CurrencyTickerKit.debug.xcconfig"; sourceTree = "<group>"; };
		69268FCC557552001D1EF45B /* Pods_CurrencyTickerKit.framework */ = {isa = PBXFileReference; explicitFileType = wrapper.framework; includeInIndex = 0; path = Pods_CurrencyTickerKit.framework; sourceTree = BUILT_PRODUCTS_DIR; };
		6E016324819872F6F7549063 /* Pods_CurrencyTickeriOS.framework */ = {isa = PBXFileReference; explicitFileType = wrapper.framework; includeInIndex = 0; path = Pods_CurrencyTickeriOS.framework; sourceTree = BUILT_PRODUCTS_DIR; };
		7AB5A13AB8AEE4CAD7E1121A /* Pods_CurrencyTickerKitTests.framework */ = {isa = PBXFileReference; explicitFileType = wrapper.framework; includeInIndex = 0; path = Pods_CurrencyTickerKitTests.framework; sourceTree = BUILT_PRODUCTS_DIR; };
		896CCC990B40D9248FA195FA /* Pods-CurrencyTickeriOS.release.xcconfig */ = {isa = PBXFileReference; includeInIndex = 1; lastKnownFileType = text.xcconfig; name = "Pods-CurrencyTickeriOS.release.xcconfig"; path = "Pods/Target Support Files/Pods-CurrencyTickeriOS/Pods-CurrencyTickeriOS.release.xcconfig"; sourceTree = "<group>"; };
		8B743D6F631B064A428B8244 /* Pods-CurrencyTicker.debug.xcconfig */ = {isa = PBXFileReference; includeInIndex = 1; lastKnownFileType = text.xcconfig; name = "Pods-CurrencyTicker.debug.xcconfig"; path = "Pods/Target Support Files/Pods-CurrencyTicker/Pods-CurrencyTicker.debug.xcconfig"; sourceTree = "<group>"; };
		90F06F3699EEAE9D68410453 /* Pods-CurrencyTicker.release.xcconfig */ = {isa = PBXFileReference; includeInIndex = 1; lastKnownFileType = text.xcconfig; name = "Pods-CurrencyTicker.release.xcconfig"; path = "Pods/Target Support Files/Pods-CurrencyTicker/Pods-CurrencyTicker.release.xcconfig"; sourceTree = "<group>"; };
		9282A13B84891A7181F2B839 /* Pods-CurrencyTickerKitTests.debug.xcconfig */ = {isa = PBXFileReference; includeInIndex = 1; lastKnownFileType = text.xcconfig; name = "Pods-CurrencyTickerKitTests.debug.xcconfig"; path = "Pods/Target Support Files/Pods-CurrencyTickerKitTests/Pods-CurrencyTickerKitTests.debug.xcconfig"; sourceTree = "<group>"; };
		CB93FDA6F512C2E4D0CA38C6 /* Pods_CurrencyTicker.framework */ = {isa = PBXFileReference; explicitFileType = wrapper.framework; includeInIndex = 0; path = Pods_CurrencyTicker.framework; sourceTree = BUILT_PRODUCTS_DIR; };
		EBE24AE9F3810A822ABB9B33 /* Pods-CurrencyTickeriOS.debug.xcconfig */ = {isa = PBXFileReference; includeInIndex = 1; lastKnownFileType = text.xcconfig; name = "Pods-CurrencyTickeriOS.debug.xcconfig"; path = "Pods/Target Support Files/Pods-CurrencyTickeriOS/Pods-CurrencyTickeriOS.debug.xcconfig"; sourceTree = "<group>"; };
		ED22F4C91E57636C00E98912 /* CurrencyTicker.app */ = {isa = PBXFileReference; explicitFileType = wrapper.application; includeInIndex = 0; path = CurrencyTicker.app; sourceTree = BUILT_PRODUCTS_DIR; };
		ED22F4CC1E57636C00E98912 /* AppDelegate.swift */ = {isa = PBXFileReference; lastKnownFileType = sourcecode.swift; path = AppDelegate.swift; sourceTree = "<group>"; };
		ED22F4CE1E57636C00E98912 /* ViewController.swift */ = {isa = PBXFileReference; lastKnownFileType = sourcecode.swift; path = ViewController.swift; sourceTree = "<group>"; };
		ED22F4D11E57636C00E98912 /* Base */ = {isa = PBXFileReference; lastKnownFileType = file.storyboard; name = Base; path = Base.lproj/Main.storyboard; sourceTree = "<group>"; };
		ED22F4D31E57636C00E98912 /* Assets.xcassets */ = {isa = PBXFileReference; lastKnownFileType = folder.assetcatalog; path = Assets.xcassets; sourceTree = "<group>"; };
		ED22F4D61E57636C00E98912 /* Base */ = {isa = PBXFileReference; lastKnownFileType = file.storyboard; name = Base; path = Base.lproj/LaunchScreen.storyboard; sourceTree = "<group>"; };
		ED22F4D81E57636C00E98912 /* Info.plist */ = {isa = PBXFileReference; lastKnownFileType = text.plist.xml; path = Info.plist; sourceTree = "<group>"; };
		ED22F4DD1E57636C00E98912 /* CurrencyTickerTests.xctest */ = {isa = PBXFileReference; explicitFileType = wrapper.cfbundle; includeInIndex = 0; path = CurrencyTickerTests.xctest; sourceTree = BUILT_PRODUCTS_DIR; };
		ED22F4E11E57636C00E98912 /* CurrencyTickerTests.swift */ = {isa = PBXFileReference; lastKnownFileType = sourcecode.swift; path = CurrencyTickerTests.swift; sourceTree = "<group>"; };
		ED22F4E31E57636C00E98912 /* Info.plist */ = {isa = PBXFileReference; lastKnownFileType = text.plist.xml; path = Info.plist; sourceTree = "<group>"; };
		ED22F4F11E5767AD00E98912 /* CurrencyTickerKit.framework */ = {isa = PBXFileReference; explicitFileType = wrapper.framework; includeInIndex = 0; path = CurrencyTickerKit.framework; sourceTree = BUILT_PRODUCTS_DIR; };
		ED22F4F31E5767AD00E98912 /* CurrencyTickerKit.h */ = {isa = PBXFileReference; lastKnownFileType = sourcecode.c.h; path = CurrencyTickerKit.h; sourceTree = "<group>"; };
		ED22F4F41E5767AD00E98912 /* Info.plist */ = {isa = PBXFileReference; lastKnownFileType = text.plist.xml; path = Info.plist; sourceTree = "<group>"; };
		ED22F4F91E5767AD00E98912 /* CurrencyTickerKitTests.xctest */ = {isa = PBXFileReference; explicitFileType = wrapper.cfbundle; includeInIndex = 0; path = CurrencyTickerKitTests.xctest; sourceTree = BUILT_PRODUCTS_DIR; };
		ED22F5001E5767AD00E98912 /* CurrencyTickerKitTests.swift */ = {isa = PBXFileReference; lastKnownFileType = sourcecode.swift; path = CurrencyTickerKitTests.swift; sourceTree = "<group>"; };
		ED22F5021E5767AD00E98912 /* Info.plist */ = {isa = PBXFileReference; lastKnownFileType = text.plist.xml; path = Info.plist; sourceTree = "<group>"; };
		ED22F5141E5767BB00E98912 /* CurrencyTickeriOS.framework */ = {isa = PBXFileReference; explicitFileType = wrapper.framework; includeInIndex = 0; path = CurrencyTickeriOS.framework; sourceTree = BUILT_PRODUCTS_DIR; };
		ED22F5161E5767BB00E98912 /* CurrencyTickeriOS.h */ = {isa = PBXFileReference; lastKnownFileType = sourcecode.c.h; path = CurrencyTickeriOS.h; sourceTree = "<group>"; };
		ED22F5171E5767BB00E98912 /* Info.plist */ = {isa = PBXFileReference; lastKnownFileType = text.plist.xml; path = Info.plist; sourceTree = "<group>"; };
		ED22F51C1E5767BB00E98912 /* CurrencyTickeriOSTests.xctest */ = {isa = PBXFileReference; explicitFileType = wrapper.cfbundle; includeInIndex = 0; path = CurrencyTickeriOSTests.xctest; sourceTree = BUILT_PRODUCTS_DIR; };
		ED22F5231E5767BB00E98912 /* CurrencyTickeriOSTests.swift */ = {isa = PBXFileReference; lastKnownFileType = sourcecode.swift; path = CurrencyTickeriOSTests.swift; sourceTree = "<group>"; };
		ED22F5251E5767BB00E98912 /* Info.plist */ = {isa = PBXFileReference; lastKnownFileType = text.plist.xml; path = Info.plist; sourceTree = "<group>"; };
		ED22F5311E5768F200E98912 /* Podfile */ = {isa = PBXFileReference; fileEncoding = 4; lastKnownFileType = text; path = Podfile; sourceTree = "<group>"; xcLanguageSpecificationIdentifier = xcode.lang.ruby; };
		ED88EF201E5795CA0088B0C0 /* YahooFinanceRouter.swift */ = {isa = PBXFileReference; fileEncoding = 4; lastKnownFileType = sourcecode.swift; path = YahooFinanceRouter.swift; sourceTree = "<group>"; };
		ED88EF231E579DCD0088B0C0 /* DateFormatters.swift */ = {isa = PBXFileReference; fileEncoding = 4; lastKnownFileType = sourcecode.swift; path = DateFormatters.swift; sourceTree = "<group>"; };
		ED88EF281E57A2370088B0C0 /* DateFormattersSpec.swift */ = {isa = PBXFileReference; fileEncoding = 4; lastKnownFileType = sourcecode.swift; path = DateFormattersSpec.swift; sourceTree = "<group>"; };
		ED88EF2A1E57A4010088B0C0 /* YahooFinanceRouterSpec.swift */ = {isa = PBXFileReference; fileEncoding = 4; lastKnownFileType = sourcecode.swift; path = YahooFinanceRouterSpec.swift; sourceTree = "<group>"; };
		ED88EF311E57A6D00088B0C0 /* YahooFinance.swift */ = {isa = PBXFileReference; fileEncoding = 4; lastKnownFileType = sourcecode.swift; path = YahooFinance.swift; sourceTree = "<group>"; };
		ED88EF341E57B2310088B0C0 /* currency_list.json */ = {isa = PBXFileReference; fileEncoding = 4; lastKnownFileType = text.json; path = currency_list.json; sourceTree = "<group>"; };
		EDE295201E57B31F00BF4F7A /* YahooCurrencySpec.swift */ = {isa = PBXFileReference; fileEncoding = 4; lastKnownFileType = sourcecode.swift; path = YahooCurrencySpec.swift; sourceTree = "<group>"; };
		EDE295221E57B75100BF4F7A /* Bundle.swift */ = {isa = PBXFileReference; fileEncoding = 4; lastKnownFileType = sourcecode.swift; path = Bundle.swift; sourceTree = "<group>"; };
		EDE295241E584C7E00BF4F7A /* YahooDecoders.swift */ = {isa = PBXFileReference; fileEncoding = 4; lastKnownFileType = sourcecode.swift; path = YahooDecoders.swift; sourceTree = "<group>"; };
		EDE295261E5850F500BF4F7A /* YahooDecodersSpec.swift */ = {isa = PBXFileReference; fileEncoding = 4; lastKnownFileType = sourcecode.swift; path = YahooDecodersSpec.swift; sourceTree = "<group>"; };
		EDE295281E585E6200BF4F7A /* currency_exchange.json */ = {isa = PBXFileReference; fileEncoding = 4; lastKnownFileType = text.json; path = currency_exchange.json; sourceTree = "<group>"; };
		EDE2952A1E58675400BF4F7A /* currency_historical_data.json */ = {isa = PBXFileReference; fileEncoding = 4; lastKnownFileType = text.json; path = currency_historical_data.json; sourceTree = "<group>"; };
		EDE2952C1E58795E00BF4F7A /* YahooFinanceAPI.swift */ = {isa = PBXFileReference; fileEncoding = 4; lastKnownFileType = sourcecode.swift; path = YahooFinanceAPI.swift; sourceTree = "<group>"; };
		EDE2952E1E58813D00BF4F7A /* YahooFinanceContainers.swift */ = {isa = PBXFileReference; fileEncoding = 4; lastKnownFileType = sourcecode.swift; path = YahooFinanceContainers.swift; sourceTree = "<group>"; };
/* End PBXFileReference section */

/* Begin PBXFrameworksBuildPhase section */
		ED22F4C61E57636C00E98912 /* Frameworks */ = {
			isa = PBXFrameworksBuildPhase;
			buildActionMask = 2147483647;
			files = (
				ED22F5061E5767AD00E98912 /* CurrencyTickerKit.framework in Frameworks */,
				ED22F5291E5767BB00E98912 /* CurrencyTickeriOS.framework in Frameworks */,
				7C0E0461708F5A70CA8A307B /* Pods_CurrencyTicker.framework in Frameworks */,
			);
			runOnlyForDeploymentPostprocessing = 0;
		};
		ED22F4DA1E57636C00E98912 /* Frameworks */ = {
			isa = PBXFrameworksBuildPhase;
			buildActionMask = 2147483647;
			files = (
			);
			runOnlyForDeploymentPostprocessing = 0;
		};
		ED22F4ED1E5767AD00E98912 /* Frameworks */ = {
			isa = PBXFrameworksBuildPhase;
			buildActionMask = 2147483647;
			files = (
				69A04070CE2925AAAE395F0F /* Pods_CurrencyTickerKit.framework in Frameworks */,
			);
			runOnlyForDeploymentPostprocessing = 0;
		};
		ED22F4F61E5767AD00E98912 /* Frameworks */ = {
			isa = PBXFrameworksBuildPhase;
			buildActionMask = 2147483647;
			files = (
				ED22F4FA1E5767AD00E98912 /* CurrencyTickerKit.framework in Frameworks */,
				93F8933172C6CDFA680E1D73 /* Pods_CurrencyTickerKitTests.framework in Frameworks */,
			);
			runOnlyForDeploymentPostprocessing = 0;
		};
		ED22F5101E5767BB00E98912 /* Frameworks */ = {
			isa = PBXFrameworksBuildPhase;
			buildActionMask = 2147483647;
			files = (
				6F0A08FA17C6BD5D14B047CD /* Pods_CurrencyTickeriOS.framework in Frameworks */,
			);
			runOnlyForDeploymentPostprocessing = 0;
		};
		ED22F5191E5767BB00E98912 /* Frameworks */ = {
			isa = PBXFrameworksBuildPhase;
			buildActionMask = 2147483647;
			files = (
				ED22F51D1E5767BB00E98912 /* CurrencyTickeriOS.framework in Frameworks */,
			);
			runOnlyForDeploymentPostprocessing = 0;
		};
/* End PBXFrameworksBuildPhase section */

/* Begin PBXGroup section */
		C2016048641CA324C70278BE /* Frameworks */ = {
			isa = PBXGroup;
			children = (
				CB93FDA6F512C2E4D0CA38C6 /* Pods_CurrencyTicker.framework */,
				69268FCC557552001D1EF45B /* Pods_CurrencyTickerKit.framework */,
				7AB5A13AB8AEE4CAD7E1121A /* Pods_CurrencyTickerKitTests.framework */,
				6E016324819872F6F7549063 /* Pods_CurrencyTickeriOS.framework */,
			);
			name = Frameworks;
			sourceTree = "<group>";
		};
		D4A184570089CB88C5F28590 /* Pods */ = {
			isa = PBXGroup;
			children = (
				8B743D6F631B064A428B8244 /* Pods-CurrencyTicker.debug.xcconfig */,
				90F06F3699EEAE9D68410453 /* Pods-CurrencyTicker.release.xcconfig */,
				45F2007B18F31565FC5575A3 /* Pods-CurrencyTickerKit.debug.xcconfig */,
				11FB46D774043C93CA81DA69 /* Pods-CurrencyTickerKit.release.xcconfig */,
				9282A13B84891A7181F2B839 /* Pods-CurrencyTickerKitTests.debug.xcconfig */,
				0C8196A3070CA7A92E5C337D /* Pods-CurrencyTickerKitTests.release.xcconfig */,
				EBE24AE9F3810A822ABB9B33 /* Pods-CurrencyTickeriOS.debug.xcconfig */,
				896CCC990B40D9248FA195FA /* Pods-CurrencyTickeriOS.release.xcconfig */,
			);
			name = Pods;
			sourceTree = "<group>";
		};
		ED22F4C01E57636C00E98912 = {
			isa = PBXGroup;
			children = (
				ED22F5311E5768F200E98912 /* Podfile */,
				ED22F4CB1E57636C00E98912 /* CurrencyTicker */,
				ED22F4E01E57636C00E98912 /* CurrencyTickerTests */,
				ED22F4F21E5767AD00E98912 /* CurrencyTickerKit */,
				ED22F4FF1E5767AD00E98912 /* CurrencyTickerKitTests */,
				ED22F5151E5767BB00E98912 /* CurrencyTickeriOS */,
				ED22F5221E5767BB00E98912 /* CurrencyTickeriOSTests */,
				ED22F4CA1E57636C00E98912 /* Products */,
				D4A184570089CB88C5F28590 /* Pods */,
				C2016048641CA324C70278BE /* Frameworks */,
			);
			sourceTree = "<group>";
		};
		ED22F4CA1E57636C00E98912 /* Products */ = {
			isa = PBXGroup;
			children = (
				ED22F4C91E57636C00E98912 /* CurrencyTicker.app */,
				ED22F4DD1E57636C00E98912 /* CurrencyTickerTests.xctest */,
				ED22F4F11E5767AD00E98912 /* CurrencyTickerKit.framework */,
				ED22F4F91E5767AD00E98912 /* CurrencyTickerKitTests.xctest */,
				ED22F5141E5767BB00E98912 /* CurrencyTickeriOS.framework */,
				ED22F51C1E5767BB00E98912 /* CurrencyTickeriOSTests.xctest */,
			);
			name = Products;
			sourceTree = "<group>";
		};
		ED22F4CB1E57636C00E98912 /* CurrencyTicker */ = {
			isa = PBXGroup;
			children = (
				ED22F4CC1E57636C00E98912 /* AppDelegate.swift */,
				ED22F4CE1E57636C00E98912 /* ViewController.swift */,
				ED22F4D01E57636C00E98912 /* Main.storyboard */,
				ED22F4D31E57636C00E98912 /* Assets.xcassets */,
				ED22F4D51E57636C00E98912 /* LaunchScreen.storyboard */,
				ED22F4D81E57636C00E98912 /* Info.plist */,
			);
			path = CurrencyTicker;
			sourceTree = "<group>";
		};
		ED22F4E01E57636C00E98912 /* CurrencyTickerTests */ = {
			isa = PBXGroup;
			children = (
				ED22F4E11E57636C00E98912 /* CurrencyTickerTests.swift */,
				ED22F4E31E57636C00E98912 /* Info.plist */,
			);
			path = CurrencyTickerTests;
			sourceTree = "<group>";
		};
		ED22F4F21E5767AD00E98912 /* CurrencyTickerKit */ = {
			isa = PBXGroup;
			children = (
				ED88EF331E57B2150088B0C0 /* Resources */,
				ED88EF221E579DC20088B0C0 /* Formatters */,
				ED88EF1E1E5778500088B0C0 /* Provider */,
				ED88EF1F1E5778500088B0C0 /* Model */,
				ED22F4F31E5767AD00E98912 /* CurrencyTickerKit.h */,
				ED22F4F41E5767AD00E98912 /* Info.plist */,
				EDE295221E57B75100BF4F7A /* Bundle.swift */,
			);
			path = CurrencyTickerKit;
			sourceTree = "<group>";
		};
		ED22F4FF1E5767AD00E98912 /* CurrencyTickerKitTests */ = {
			isa = PBXGroup;
			children = (
				ED88EF251E57A1F40088B0C0 /* Model */,
				ED88EF261E57A1F40088B0C0 /* Provider */,
				ED88EF271E57A1F40088B0C0 /* Formatters */,
				ED22F5001E5767AD00E98912 /* CurrencyTickerKitTests.swift */,
				ED22F5021E5767AD00E98912 /* Info.plist */,
			);
			path = CurrencyTickerKitTests;
			sourceTree = "<group>";
		};
		ED22F5151E5767BB00E98912 /* CurrencyTickeriOS */ = {
			isa = PBXGroup;
			children = (
				ED22F5161E5767BB00E98912 /* CurrencyTickeriOS.h */,
				ED22F5171E5767BB00E98912 /* Info.plist */,
			);
			path = CurrencyTickeriOS;
			sourceTree = "<group>";
		};
		ED22F5221E5767BB00E98912 /* CurrencyTickeriOSTests */ = {
			isa = PBXGroup;
			children = (
				ED22F5231E5767BB00E98912 /* CurrencyTickeriOSTests.swift */,
				ED22F5251E5767BB00E98912 /* Info.plist */,
			);
			path = CurrencyTickeriOSTests;
			sourceTree = "<group>";
		};
		ED88EF1E1E5778500088B0C0 /* Provider */ = {
			isa = PBXGroup;
			children = (
				ED88EF201E5795CA0088B0C0 /* YahooFinanceRouter.swift */,
				EDE2952C1E58795E00BF4F7A /* YahooFinanceAPI.swift */,
			);
			path = Provider;
			sourceTree = "<group>";
		};
		ED88EF1F1E5778500088B0C0 /* Model */ = {
			isa = PBXGroup;
			children = (
				ED88EF311E57A6D00088B0C0 /* YahooFinance.swift */,
				EDE295241E584C7E00BF4F7A /* YahooDecoders.swift */,
				EDE2952E1E58813D00BF4F7A /* YahooFinanceContainers.swift */,
			);
			path = Model;
			sourceTree = "<group>";
		};
		ED88EF221E579DC20088B0C0 /* Formatters */ = {
			isa = PBXGroup;
			children = (
				ED88EF231E579DCD0088B0C0 /* DateFormatters.swift */,
			);
			path = Formatters;
			sourceTree = "<group>";
		};
		ED88EF251E57A1F40088B0C0 /* Model */ = {
			isa = PBXGroup;
			children = (
				EDE295201E57B31F00BF4F7A /* YahooCurrencySpec.swift */,
				EDE295261E5850F500BF4F7A /* YahooDecodersSpec.swift */,
			);
			path = Model;
			sourceTree = "<group>";
		};
		ED88EF261E57A1F40088B0C0 /* Provider */ = {
			isa = PBXGroup;
			children = (
				ED88EF2A1E57A4010088B0C0 /* YahooFinanceRouterSpec.swift */,
			);
			path = Provider;
			sourceTree = "<group>";
		};
		ED88EF271E57A1F40088B0C0 /* Formatters */ = {
			isa = PBXGroup;
			children = (
				ED88EF281E57A2370088B0C0 /* DateFormattersSpec.swift */,
			);
			path = Formatters;
			sourceTree = "<group>";
		};
		ED88EF331E57B2150088B0C0 /* Resources */ = {
			isa = PBXGroup;
			children = (
				ED88EF341E57B2310088B0C0 /* currency_list.json */,
				EDE295281E585E6200BF4F7A /* currency_exchange.json */,
				EDE2952A1E58675400BF4F7A /* currency_historical_data.json */,
			);
			path = Resources;
			sourceTree = "<group>";
		};
/* End PBXGroup section */

/* Begin PBXHeadersBuildPhase section */
		ED22F4EE1E5767AD00E98912 /* Headers */ = {
			isa = PBXHeadersBuildPhase;
			buildActionMask = 2147483647;
			files = (
				ED22F5031E5767AD00E98912 /* CurrencyTickerKit.h in Headers */,
			);
			runOnlyForDeploymentPostprocessing = 0;
		};
		ED22F5111E5767BB00E98912 /* Headers */ = {
			isa = PBXHeadersBuildPhase;
			buildActionMask = 2147483647;
			files = (
				ED22F5261E5767BB00E98912 /* CurrencyTickeriOS.h in Headers */,
			);
			runOnlyForDeploymentPostprocessing = 0;
		};
/* End PBXHeadersBuildPhase section */

/* Begin PBXNativeTarget section */
		ED22F4C81E57636C00E98912 /* CurrencyTicker */ = {
			isa = PBXNativeTarget;
			buildConfigurationList = ED22F4E61E57636C00E98912 /* Build configuration list for PBXNativeTarget "CurrencyTicker" */;
			buildPhases = (
				3812CBF9B801D095F49F8F5F /* [CP] Check Pods Manifest.lock */,
				ED22F4C51E57636C00E98912 /* Sources */,
				ED22F4C61E57636C00E98912 /* Frameworks */,
				ED22F4C71E57636C00E98912 /* Resources */,
				ED22F50B1E5767AD00E98912 /* Embed Frameworks */,
				2249116203E5D7FCD158D633 /* [CP] Embed Pods Frameworks */,
				864994ED74949221DCBB2E26 /* [CP] Copy Pods Resources */,
			);
			buildRules = (
			);
			dependencies = (
				ED22F5051E5767AD00E98912 /* PBXTargetDependency */,
				ED22F5281E5767BB00E98912 /* PBXTargetDependency */,
			);
			name = CurrencyTicker;
			productName = CurrencyTicker;
			productReference = ED22F4C91E57636C00E98912 /* CurrencyTicker.app */;
			productType = "com.apple.product-type.application";
		};
		ED22F4DC1E57636C00E98912 /* CurrencyTickerTests */ = {
			isa = PBXNativeTarget;
			buildConfigurationList = ED22F4E91E57636C00E98912 /* Build configuration list for PBXNativeTarget "CurrencyTickerTests" */;
			buildPhases = (
				ED22F4D91E57636C00E98912 /* Sources */,
				ED22F4DA1E57636C00E98912 /* Frameworks */,
				ED22F4DB1E57636C00E98912 /* Resources */,
			);
			buildRules = (
			);
			dependencies = (
				ED22F4DF1E57636C00E98912 /* PBXTargetDependency */,
			);
			name = CurrencyTickerTests;
			productName = CurrencyTickerTests;
			productReference = ED22F4DD1E57636C00E98912 /* CurrencyTickerTests.xctest */;
			productType = "com.apple.product-type.bundle.unit-test";
		};
		ED22F4F01E5767AD00E98912 /* CurrencyTickerKit */ = {
			isa = PBXNativeTarget;
			buildConfigurationList = ED22F5081E5767AD00E98912 /* Build configuration list for PBXNativeTarget "CurrencyTickerKit" */;
			buildPhases = (
				87B0693236E312C484C32279 /* [CP] Check Pods Manifest.lock */,
				ED22F4EC1E5767AD00E98912 /* Sources */,
				ED22F4ED1E5767AD00E98912 /* Frameworks */,
				ED22F4EE1E5767AD00E98912 /* Headers */,
				ED22F4EF1E5767AD00E98912 /* Resources */,
				537D7E75D8D814D055B10C68 /* [CP] Copy Pods Resources */,
			);
			buildRules = (
			);
			dependencies = (
			);
			name = CurrencyTickerKit;
			productName = CurrencyTickerKit;
			productReference = ED22F4F11E5767AD00E98912 /* CurrencyTickerKit.framework */;
			productType = "com.apple.product-type.framework";
		};
		ED22F4F81E5767AD00E98912 /* CurrencyTickerKitTests */ = {
			isa = PBXNativeTarget;
			buildConfigurationList = ED22F50C1E5767AD00E98912 /* Build configuration list for PBXNativeTarget "CurrencyTickerKitTests" */;
			buildPhases = (
				F02C4C81C04E8EBECEA526D8 /* [CP] Check Pods Manifest.lock */,
				ED22F4F51E5767AD00E98912 /* Sources */,
				ED22F4F61E5767AD00E98912 /* Frameworks */,
				ED22F4F71E5767AD00E98912 /* Resources */,
				001D5E29D62CC3ED93BED87F /* [CP] Embed Pods Frameworks */,
				2D180C5795DA51A8A443AF7D /* [CP] Copy Pods Resources */,
			);
			buildRules = (
			);
			dependencies = (
				ED22F4FC1E5767AD00E98912 /* PBXTargetDependency */,
				ED22F4FE1E5767AD00E98912 /* PBXTargetDependency */,
			);
			name = CurrencyTickerKitTests;
			productName = CurrencyTickerKitTests;
			productReference = ED22F4F91E5767AD00E98912 /* CurrencyTickerKitTests.xctest */;
			productType = "com.apple.product-type.bundle.unit-test";
		};
		ED22F5131E5767BB00E98912 /* CurrencyTickeriOS */ = {
			isa = PBXNativeTarget;
			buildConfigurationList = ED22F52B1E5767BB00E98912 /* Build configuration list for PBXNativeTarget "CurrencyTickeriOS" */;
			buildPhases = (
				2E7DBFDE96C8E210F3D1CC5E /* [CP] Check Pods Manifest.lock */,
				ED22F50F1E5767BB00E98912 /* Sources */,
				ED22F5101E5767BB00E98912 /* Frameworks */,
				ED22F5111E5767BB00E98912 /* Headers */,
				ED22F5121E5767BB00E98912 /* Resources */,
				1C31206EF7FF2F8D0C3E16FA /* [CP] Copy Pods Resources */,
			);
			buildRules = (
			);
			dependencies = (
			);
			name = CurrencyTickeriOS;
			productName = CurrencyTickeriOS;
			productReference = ED22F5141E5767BB00E98912 /* CurrencyTickeriOS.framework */;
			productType = "com.apple.product-type.framework";
		};
		ED22F51B1E5767BB00E98912 /* CurrencyTickeriOSTests */ = {
			isa = PBXNativeTarget;
			buildConfigurationList = ED22F52E1E5767BB00E98912 /* Build configuration list for PBXNativeTarget "CurrencyTickeriOSTests" */;
			buildPhases = (
				ED22F5181E5767BB00E98912 /* Sources */,
				ED22F5191E5767BB00E98912 /* Frameworks */,
				ED22F51A1E5767BB00E98912 /* Resources */,
			);
			buildRules = (
			);
			dependencies = (
				ED22F51F1E5767BB00E98912 /* PBXTargetDependency */,
				ED22F5211E5767BB00E98912 /* PBXTargetDependency */,
			);
			name = CurrencyTickeriOSTests;
			productName = CurrencyTickeriOSTests;
			productReference = ED22F51C1E5767BB00E98912 /* CurrencyTickeriOSTests.xctest */;
			productType = "com.apple.product-type.bundle.unit-test";
		};
/* End PBXNativeTarget section */

/* Begin PBXProject section */
		ED22F4C11E57636C00E98912 /* Project object */ = {
			isa = PBXProject;
			attributes = {
				LastSwiftUpdateCheck = 0820;
				LastUpgradeCheck = 0820;
				ORGANIZATIONNAME = ScienceSpir.IT;
				TargetAttributes = {
					ED22F4C81E57636C00E98912 = {
						CreatedOnToolsVersion = 8.2.1;
						DevelopmentTeam = EWQZR3J8HN;
						ProvisioningStyle = Automatic;
					};
					ED22F4DC1E57636C00E98912 = {
						CreatedOnToolsVersion = 8.2.1;
						DevelopmentTeam = EWQZR3J8HN;
						ProvisioningStyle = Automatic;
						TestTargetID = ED22F4C81E57636C00E98912;
					};
					ED22F4F01E5767AD00E98912 = {
						CreatedOnToolsVersion = 8.2.1;
						DevelopmentTeam = EWQZR3J8HN;
						LastSwiftMigration = 0820;
						ProvisioningStyle = Automatic;
					};
					ED22F4F81E5767AD00E98912 = {
						CreatedOnToolsVersion = 8.2.1;
						DevelopmentTeam = EWQZR3J8HN;
						ProvisioningStyle = Automatic;
						TestTargetID = ED22F4C81E57636C00E98912;
					};
					ED22F5131E5767BB00E98912 = {
						CreatedOnToolsVersion = 8.2.1;
						DevelopmentTeam = EWQZR3J8HN;
						ProvisioningStyle = Automatic;
					};
					ED22F51B1E5767BB00E98912 = {
						CreatedOnToolsVersion = 8.2.1;
						DevelopmentTeam = EWQZR3J8HN;
						ProvisioningStyle = Automatic;
						TestTargetID = ED22F4C81E57636C00E98912;
					};
				};
			};
			buildConfigurationList = ED22F4C41E57636C00E98912 /* Build configuration list for PBXProject "CurrencyTicker" */;
			compatibilityVersion = "Xcode 3.2";
			developmentRegion = English;
			hasScannedForEncodings = 0;
			knownRegions = (
				en,
				Base,
			);
			mainGroup = ED22F4C01E57636C00E98912;
			productRefGroup = ED22F4CA1E57636C00E98912 /* Products */;
			projectDirPath = "";
			projectRoot = "";
			targets = (
				ED22F4C81E57636C00E98912 /* CurrencyTicker */,
				ED22F4DC1E57636C00E98912 /* CurrencyTickerTests */,
				ED22F4F01E5767AD00E98912 /* CurrencyTickerKit */,
				ED22F4F81E5767AD00E98912 /* CurrencyTickerKitTests */,
				ED22F5131E5767BB00E98912 /* CurrencyTickeriOS */,
				ED22F51B1E5767BB00E98912 /* CurrencyTickeriOSTests */,
			);
		};
/* End PBXProject section */

/* Begin PBXResourcesBuildPhase section */
		ED22F4C71E57636C00E98912 /* Resources */ = {
			isa = PBXResourcesBuildPhase;
			buildActionMask = 2147483647;
			files = (
				ED22F4D71E57636C00E98912 /* LaunchScreen.storyboard in Resources */,
				ED22F4D41E57636C00E98912 /* Assets.xcassets in Resources */,
				ED22F5321E5768F200E98912 /* Podfile in Resources */,
				ED22F4D21E57636C00E98912 /* Main.storyboard in Resources */,
			);
			runOnlyForDeploymentPostprocessing = 0;
		};
		ED22F4DB1E57636C00E98912 /* Resources */ = {
			isa = PBXResourcesBuildPhase;
			buildActionMask = 2147483647;
			files = (
			);
			runOnlyForDeploymentPostprocessing = 0;
		};
		ED22F4EF1E5767AD00E98912 /* Resources */ = {
			isa = PBXResourcesBuildPhase;
			buildActionMask = 2147483647;
			files = (
				EDE2952B1E58675400BF4F7A /* currency_historical_data.json in Resources */,
				ED88EF351E57B2310088B0C0 /* currency_list.json in Resources */,
				EDE295291E585E6200BF4F7A /* currency_exchange.json in Resources */,
			);
			runOnlyForDeploymentPostprocessing = 0;
		};
		ED22F4F71E5767AD00E98912 /* Resources */ = {
			isa = PBXResourcesBuildPhase;
			buildActionMask = 2147483647;
			files = (
			);
			runOnlyForDeploymentPostprocessing = 0;
		};
		ED22F5121E5767BB00E98912 /* Resources */ = {
			isa = PBXResourcesBuildPhase;
			buildActionMask = 2147483647;
			files = (
			);
			runOnlyForDeploymentPostprocessing = 0;
		};
		ED22F51A1E5767BB00E98912 /* Resources */ = {
			isa = PBXResourcesBuildPhase;
			buildActionMask = 2147483647;
			files = (
			);
			runOnlyForDeploymentPostprocessing = 0;
		};
/* End PBXResourcesBuildPhase section */

/* Begin PBXShellScriptBuildPhase section */
		001D5E29D62CC3ED93BED87F /* [CP] Embed Pods Frameworks */ = {
			isa = PBXShellScriptBuildPhase;
			buildActionMask = 2147483647;
			files = (
			);
			inputPaths = (
			);
			name = "[CP] Embed Pods Frameworks";
			outputPaths = (
			);
			runOnlyForDeploymentPostprocessing = 0;
			shellPath = /bin/sh;
			shellScript = "\"${SRCROOT}/Pods/Target Support Files/Pods-CurrencyTickerKitTests/Pods-CurrencyTickerKitTests-frameworks.sh\"\n";
			showEnvVarsInLog = 0;
		};
		1C31206EF7FF2F8D0C3E16FA /* [CP] Copy Pods Resources */ = {
			isa = PBXShellScriptBuildPhase;
			buildActionMask = 2147483647;
			files = (
			);
			inputPaths = (
			);
			name = "[CP] Copy Pods Resources";
			outputPaths = (
			);
			runOnlyForDeploymentPostprocessing = 0;
			shellPath = /bin/sh;
			shellScript = "\"${SRCROOT}/Pods/Target Support Files/Pods-CurrencyTickeriOS/Pods-CurrencyTickeriOS-resources.sh\"\n";
			showEnvVarsInLog = 0;
		};
		2249116203E5D7FCD158D633 /* [CP] Embed Pods Frameworks */ = {
			isa = PBXShellScriptBuildPhase;
			buildActionMask = 2147483647;
			files = (
			);
			inputPaths = (
			);
			name = "[CP] Embed Pods Frameworks";
			outputPaths = (
			);
			runOnlyForDeploymentPostprocessing = 0;
			shellPath = /bin/sh;
			shellScript = "\"${SRCROOT}/Pods/Target Support Files/Pods-CurrencyTicker/Pods-CurrencyTicker-frameworks.sh\"\n";
			showEnvVarsInLog = 0;
		};
		2D180C5795DA51A8A443AF7D /* [CP] Copy Pods Resources */ = {
			isa = PBXShellScriptBuildPhase;
			buildActionMask = 2147483647;
			files = (
			);
			inputPaths = (
			);
			name = "[CP] Copy Pods Resources";
			outputPaths = (
			);
			runOnlyForDeploymentPostprocessing = 0;
			shellPath = /bin/sh;
			shellScript = "\"${SRCROOT}/Pods/Target Support Files/Pods-CurrencyTickerKitTests/Pods-CurrencyTickerKitTests-resources.sh\"\n";
			showEnvVarsInLog = 0;
		};
		2E7DBFDE96C8E210F3D1CC5E /* [CP] Check Pods Manifest.lock */ = {
			isa = PBXShellScriptBuildPhase;
			buildActionMask = 2147483647;
			files = (
			);
			inputPaths = (
			);
			name = "[CP] Check Pods Manifest.lock";
			outputPaths = (
			);
			runOnlyForDeploymentPostprocessing = 0;
			shellPath = /bin/sh;
			shellScript = "diff \"${PODS_ROOT}/../Podfile.lock\" \"${PODS_ROOT}/Manifest.lock\" > /dev/null\nif [ $? != 0 ] ; then\n    # print error to STDERR\n    echo \"error: The sandbox is not in sync with the Podfile.lock. Run 'pod install' or update your CocoaPods installation.\" >&2\n    exit 1\nfi\n";
			showEnvVarsInLog = 0;
		};
		3812CBF9B801D095F49F8F5F /* [CP] Check Pods Manifest.lock */ = {
			isa = PBXShellScriptBuildPhase;
			buildActionMask = 2147483647;
			files = (
			);
			inputPaths = (
			);
			name = "[CP] Check Pods Manifest.lock";
			outputPaths = (
			);
			runOnlyForDeploymentPostprocessing = 0;
			shellPath = /bin/sh;
			shellScript = "diff \"${PODS_ROOT}/../Podfile.lock\" \"${PODS_ROOT}/Manifest.lock\" > /dev/null\nif [ $? != 0 ] ; then\n    # print error to STDERR\n    echo \"error: The sandbox is not in sync with the Podfile.lock. Run 'pod install' or update your CocoaPods installation.\" >&2\n    exit 1\nfi\n";
			showEnvVarsInLog = 0;
		};
		537D7E75D8D814D055B10C68 /* [CP] Copy Pods Resources */ = {
			isa = PBXShellScriptBuildPhase;
			buildActionMask = 2147483647;
			files = (
			);
			inputPaths = (
			);
			name = "[CP] Copy Pods Resources";
			outputPaths = (
			);
			runOnlyForDeploymentPostprocessing = 0;
			shellPath = /bin/sh;
			shellScript = "\"${SRCROOT}/Pods/Target Support Files/Pods-CurrencyTickerKit/Pods-CurrencyTickerKit-resources.sh\"\n";
			showEnvVarsInLog = 0;
		};
		864994ED74949221DCBB2E26 /* [CP] Copy Pods Resources */ = {
			isa = PBXShellScriptBuildPhase;
			buildActionMask = 2147483647;
			files = (
			);
			inputPaths = (
			);
			name = "[CP] Copy Pods Resources";
			outputPaths = (
			);
			runOnlyForDeploymentPostprocessing = 0;
			shellPath = /bin/sh;
			shellScript = "\"${SRCROOT}/Pods/Target Support Files/Pods-CurrencyTicker/Pods-CurrencyTicker-resources.sh\"\n";
			showEnvVarsInLog = 0;
		};
		87B0693236E312C484C32279 /* [CP] Check Pods Manifest.lock */ = {
			isa = PBXShellScriptBuildPhase;
			buildActionMask = 2147483647;
			files = (
			);
			inputPaths = (
			);
			name = "[CP] Check Pods Manifest.lock";
			outputPaths = (
			);
			runOnlyForDeploymentPostprocessing = 0;
			shellPath = /bin/sh;
			shellScript = "diff \"${PODS_ROOT}/../Podfile.lock\" \"${PODS_ROOT}/Manifest.lock\" > /dev/null\nif [ $? != 0 ] ; then\n    # print error to STDERR\n    echo \"error: The sandbox is not in sync with the Podfile.lock. Run 'pod install' or update your CocoaPods installation.\" >&2\n    exit 1\nfi\n";
			showEnvVarsInLog = 0;
		};
		F02C4C81C04E8EBECEA526D8 /* [CP] Check Pods Manifest.lock */ = {
			isa = PBXShellScriptBuildPhase;
			buildActionMask = 2147483647;
			files = (
			);
			inputPaths = (
			);
			name = "[CP] Check Pods Manifest.lock";
			outputPaths = (
			);
			runOnlyForDeploymentPostprocessing = 0;
			shellPath = /bin/sh;
			shellScript = "diff \"${PODS_ROOT}/../Podfile.lock\" \"${PODS_ROOT}/Manifest.lock\" > /dev/null\nif [ $? != 0 ] ; then\n    # print error to STDERR\n    echo \"error: The sandbox is not in sync with the Podfile.lock. Run 'pod install' or update your CocoaPods installation.\" >&2\n    exit 1\nfi\n";
			showEnvVarsInLog = 0;
		};
/* End PBXShellScriptBuildPhase section */

/* Begin PBXSourcesBuildPhase section */
		ED22F4C51E57636C00E98912 /* Sources */ = {
			isa = PBXSourcesBuildPhase;
			buildActionMask = 2147483647;
			files = (
				ED22F4CF1E57636C00E98912 /* ViewController.swift in Sources */,
				ED22F4CD1E57636C00E98912 /* AppDelegate.swift in Sources */,
			);
			runOnlyForDeploymentPostprocessing = 0;
		};
		ED22F4D91E57636C00E98912 /* Sources */ = {
			isa = PBXSourcesBuildPhase;
			buildActionMask = 2147483647;
			files = (
				ED22F4E21E57636C00E98912 /* CurrencyTickerTests.swift in Sources */,
			);
			runOnlyForDeploymentPostprocessing = 0;
		};
		ED22F4EC1E5767AD00E98912 /* Sources */ = {
			isa = PBXSourcesBuildPhase;
			buildActionMask = 2147483647;
			files = (
				ED88EF321E57A6D00088B0C0 /* YahooFinance.swift in Sources */,
				EDE295251E584C7E00BF4F7A /* YahooDecoders.swift in Sources */,
				EDE2952D1E58795E00BF4F7A /* YahooFinanceAPI.swift in Sources */,
				EDE295231E57B75100BF4F7A /* Bundle.swift in Sources */,
				ED88EF241E579DCD0088B0C0 /* DateFormatters.swift in Sources */,
				ED88EF211E5795CA0088B0C0 /* YahooFinanceRouter.swift in Sources */,
				EDE2952F1E58813D00BF4F7A /* YahooFinanceContainers.swift in Sources */,
			);
			runOnlyForDeploymentPostprocessing = 0;
		};
		ED22F4F51E5767AD00E98912 /* Sources */ = {
			isa = PBXSourcesBuildPhase;
			buildActionMask = 2147483647;
			files = (
				EDE295211E57B31F00BF4F7A /* YahooCurrencySpec.swift in Sources */,
				ED88EF2B1E57A4010088B0C0 /* YahooFinanceRouterSpec.swift in Sources */,
				ED22F5011E5767AD00E98912 /* CurrencyTickerKitTests.swift in Sources */,
				EDE295271E5850F500BF4F7A /* YahooDecodersSpec.swift in Sources */,
				ED88EF291E57A2370088B0C0 /* DateFormattersSpec.swift in Sources */,
			);
			runOnlyForDeploymentPostprocessing = 0;
		};
		ED22F50F1E5767BB00E98912 /* Sources */ = {
			isa = PBXSourcesBuildPhase;
			buildActionMask = 2147483647;
			files = (
			);
			runOnlyForDeploymentPostprocessing = 0;
		};
		ED22F5181E5767BB00E98912 /* Sources */ = {
			isa = PBXSourcesBuildPhase;
			buildActionMask = 2147483647;
			files = (
				ED22F5241E5767BB00E98912 /* CurrencyTickeriOSTests.swift in Sources */,
			);
			runOnlyForDeploymentPostprocessing = 0;
		};
/* End PBXSourcesBuildPhase section */

/* Begin PBXTargetDependency section */
		ED22F4DF1E57636C00E98912 /* PBXTargetDependency */ = {
			isa = PBXTargetDependency;
			target = ED22F4C81E57636C00E98912 /* CurrencyTicker */;
			targetProxy = ED22F4DE1E57636C00E98912 /* PBXContainerItemProxy */;
		};
		ED22F4FC1E5767AD00E98912 /* PBXTargetDependency */ = {
			isa = PBXTargetDependency;
			target = ED22F4F01E5767AD00E98912 /* CurrencyTickerKit */;
			targetProxy = ED22F4FB1E5767AD00E98912 /* PBXContainerItemProxy */;
		};
		ED22F4FE1E5767AD00E98912 /* PBXTargetDependency */ = {
			isa = PBXTargetDependency;
			target = ED22F4C81E57636C00E98912 /* CurrencyTicker */;
			targetProxy = ED22F4FD1E5767AD00E98912 /* PBXContainerItemProxy */;
		};
		ED22F5051E5767AD00E98912 /* PBXTargetDependency */ = {
			isa = PBXTargetDependency;
			target = ED22F4F01E5767AD00E98912 /* CurrencyTickerKit */;
			targetProxy = ED22F5041E5767AD00E98912 /* PBXContainerItemProxy */;
		};
		ED22F51F1E5767BB00E98912 /* PBXTargetDependency */ = {
			isa = PBXTargetDependency;
			target = ED22F5131E5767BB00E98912 /* CurrencyTickeriOS */;
			targetProxy = ED22F51E1E5767BB00E98912 /* PBXContainerItemProxy */;
		};
		ED22F5211E5767BB00E98912 /* PBXTargetDependency */ = {
			isa = PBXTargetDependency;
			target = ED22F4C81E57636C00E98912 /* CurrencyTicker */;
			targetProxy = ED22F5201E5767BB00E98912 /* PBXContainerItemProxy */;
		};
		ED22F5281E5767BB00E98912 /* PBXTargetDependency */ = {
			isa = PBXTargetDependency;
			target = ED22F5131E5767BB00E98912 /* CurrencyTickeriOS */;
			targetProxy = ED22F5271E5767BB00E98912 /* PBXContainerItemProxy */;
		};
/* End PBXTargetDependency section */

/* Begin PBXVariantGroup section */
		ED22F4D01E57636C00E98912 /* Main.storyboard */ = {
			isa = PBXVariantGroup;
			children = (
				ED22F4D11E57636C00E98912 /* Base */,
			);
			name = Main.storyboard;
			sourceTree = "<group>";
		};
		ED22F4D51E57636C00E98912 /* LaunchScreen.storyboard */ = {
			isa = PBXVariantGroup;
			children = (
				ED22F4D61E57636C00E98912 /* Base */,
			);
			name = LaunchScreen.storyboard;
			sourceTree = "<group>";
		};
/* End PBXVariantGroup section */

/* Begin XCBuildConfiguration section */
		ED22F4E41E57636C00E98912 /* Debug */ = {
			isa = XCBuildConfiguration;
			buildSettings = {
				ALWAYS_SEARCH_USER_PATHS = NO;
				CLANG_ANALYZER_NONNULL = YES;
				CLANG_CXX_LANGUAGE_STANDARD = "gnu++0x";
				CLANG_CXX_LIBRARY = "libc++";
				CLANG_ENABLE_MODULES = YES;
				CLANG_ENABLE_OBJC_ARC = YES;
				CLANG_WARN_BOOL_CONVERSION = YES;
				CLANG_WARN_CONSTANT_CONVERSION = YES;
				CLANG_WARN_DIRECT_OBJC_ISA_USAGE = YES_ERROR;
				CLANG_WARN_DOCUMENTATION_COMMENTS = YES;
				CLANG_WARN_EMPTY_BODY = YES;
				CLANG_WARN_ENUM_CONVERSION = YES;
				CLANG_WARN_INFINITE_RECURSION = YES;
				CLANG_WARN_INT_CONVERSION = YES;
				CLANG_WARN_OBJC_ROOT_CLASS = YES_ERROR;
				CLANG_WARN_SUSPICIOUS_MOVE = YES;
				CLANG_WARN_UNREACHABLE_CODE = YES;
				CLANG_WARN__DUPLICATE_METHOD_MATCH = YES;
				"CODE_SIGN_IDENTITY[sdk=iphoneos*]" = "iPhone Developer";
				COPY_PHASE_STRIP = NO;
				DEBUG_INFORMATION_FORMAT = dwarf;
				ENABLE_STRICT_OBJC_MSGSEND = YES;
				ENABLE_TESTABILITY = YES;
				GCC_C_LANGUAGE_STANDARD = gnu99;
				GCC_DYNAMIC_NO_PIC = NO;
				GCC_NO_COMMON_BLOCKS = YES;
				GCC_OPTIMIZATION_LEVEL = 0;
				GCC_PREPROCESSOR_DEFINITIONS = (
					"DEBUG=1",
					"$(inherited)",
				);
				GCC_WARN_64_TO_32_BIT_CONVERSION = YES;
				GCC_WARN_ABOUT_RETURN_TYPE = YES_ERROR;
				GCC_WARN_UNDECLARED_SELECTOR = YES;
				GCC_WARN_UNINITIALIZED_AUTOS = YES_AGGRESSIVE;
				GCC_WARN_UNUSED_FUNCTION = YES;
				GCC_WARN_UNUSED_VARIABLE = YES;
				IPHONEOS_DEPLOYMENT_TARGET = 8.0;
				MTL_ENABLE_DEBUG_INFO = YES;
				ONLY_ACTIVE_ARCH = YES;
				SDKROOT = iphoneos;
				SWIFT_ACTIVE_COMPILATION_CONDITIONS = DEBUG;
				SWIFT_OPTIMIZATION_LEVEL = "-Onone";
				TARGETED_DEVICE_FAMILY = "1,2";
			};
			name = Debug;
		};
		ED22F4E51E57636C00E98912 /* Release */ = {
			isa = XCBuildConfiguration;
			buildSettings = {
				ALWAYS_SEARCH_USER_PATHS = NO;
				CLANG_ANALYZER_NONNULL = YES;
				CLANG_CXX_LANGUAGE_STANDARD = "gnu++0x";
				CLANG_CXX_LIBRARY = "libc++";
				CLANG_ENABLE_MODULES = YES;
				CLANG_ENABLE_OBJC_ARC = YES;
				CLANG_WARN_BOOL_CONVERSION = YES;
				CLANG_WARN_CONSTANT_CONVERSION = YES;
				CLANG_WARN_DIRECT_OBJC_ISA_USAGE = YES_ERROR;
				CLANG_WARN_DOCUMENTATION_COMMENTS = YES;
				CLANG_WARN_EMPTY_BODY = YES;
				CLANG_WARN_ENUM_CONVERSION = YES;
				CLANG_WARN_INFINITE_RECURSION = YES;
				CLANG_WARN_INT_CONVERSION = YES;
				CLANG_WARN_OBJC_ROOT_CLASS = YES_ERROR;
				CLANG_WARN_SUSPICIOUS_MOVE = YES;
				CLANG_WARN_UNREACHABLE_CODE = YES;
				CLANG_WARN__DUPLICATE_METHOD_MATCH = YES;
				"CODE_SIGN_IDENTITY[sdk=iphoneos*]" = "iPhone Developer";
				COPY_PHASE_STRIP = NO;
				DEBUG_INFORMATION_FORMAT = "dwarf-with-dsym";
				ENABLE_NS_ASSERTIONS = NO;
				ENABLE_STRICT_OBJC_MSGSEND = YES;
				GCC_C_LANGUAGE_STANDARD = gnu99;
				GCC_NO_COMMON_BLOCKS = YES;
				GCC_WARN_64_TO_32_BIT_CONVERSION = YES;
				GCC_WARN_ABOUT_RETURN_TYPE = YES_ERROR;
				GCC_WARN_UNDECLARED_SELECTOR = YES;
				GCC_WARN_UNINITIALIZED_AUTOS = YES_AGGRESSIVE;
				GCC_WARN_UNUSED_FUNCTION = YES;
				GCC_WARN_UNUSED_VARIABLE = YES;
				IPHONEOS_DEPLOYMENT_TARGET = 8.0;
				MTL_ENABLE_DEBUG_INFO = NO;
				SDKROOT = iphoneos;
				SWIFT_OPTIMIZATION_LEVEL = "-Owholemodule";
				TARGETED_DEVICE_FAMILY = "1,2";
				VALIDATE_PRODUCT = YES;
			};
			name = Release;
		};
		ED22F4E71E57636C00E98912 /* Debug */ = {
			isa = XCBuildConfiguration;
			baseConfigurationReference = 8B743D6F631B064A428B8244 /* Pods-CurrencyTicker.debug.xcconfig */;
			buildSettings = {
				ALWAYS_EMBED_SWIFT_STANDARD_LIBRARIES = YES;
				ASSETCATALOG_COMPILER_APPICON_NAME = AppIcon;
				DEVELOPMENT_TEAM = EWQZR3J8HN;
				INFOPLIST_FILE = CurrencyTicker/Info.plist;
				LD_RUNPATH_SEARCH_PATHS = "$(inherited) @executable_path/Frameworks";
				PRODUCT_BUNDLE_IDENTIFIER = it.sciencespir.CurrencyTicker;
				PRODUCT_NAME = "$(TARGET_NAME)";
				SWIFT_VERSION = 3.0;
			};
			name = Debug;
		};
		ED22F4E81E57636C00E98912 /* Release */ = {
			isa = XCBuildConfiguration;
			baseConfigurationReference = 90F06F3699EEAE9D68410453 /* Pods-CurrencyTicker.release.xcconfig */;
			buildSettings = {
				ALWAYS_EMBED_SWIFT_STANDARD_LIBRARIES = YES;
				ASSETCATALOG_COMPILER_APPICON_NAME = AppIcon;
				DEVELOPMENT_TEAM = EWQZR3J8HN;
				INFOPLIST_FILE = CurrencyTicker/Info.plist;
				LD_RUNPATH_SEARCH_PATHS = "$(inherited) @executable_path/Frameworks";
				PRODUCT_BUNDLE_IDENTIFIER = it.sciencespir.CurrencyTicker;
				PRODUCT_NAME = "$(TARGET_NAME)";
				SWIFT_VERSION = 3.0;
			};
			name = Release;
		};
		ED22F4EA1E57636C00E98912 /* Debug */ = {
			isa = XCBuildConfiguration;
			buildSettings = {
				ALWAYS_EMBED_SWIFT_STANDARD_LIBRARIES = YES;
				BUNDLE_LOADER = "$(TEST_HOST)";
				DEVELOPMENT_TEAM = EWQZR3J8HN;
				INFOPLIST_FILE = CurrencyTickerTests/Info.plist;
				LD_RUNPATH_SEARCH_PATHS = "$(inherited) @executable_path/Frameworks @loader_path/Frameworks";
				PRODUCT_BUNDLE_IDENTIFIER = it.sciencespir.CurrencyTickerTests;
				PRODUCT_NAME = "$(TARGET_NAME)";
				SWIFT_VERSION = 3.0;
				TEST_HOST = "$(BUILT_PRODUCTS_DIR)/CurrencyTicker.app/CurrencyTicker";
			};
			name = Debug;
		};
		ED22F4EB1E57636C00E98912 /* Release */ = {
			isa = XCBuildConfiguration;
			buildSettings = {
				ALWAYS_EMBED_SWIFT_STANDARD_LIBRARIES = YES;
				BUNDLE_LOADER = "$(TEST_HOST)";
				DEVELOPMENT_TEAM = EWQZR3J8HN;
				INFOPLIST_FILE = CurrencyTickerTests/Info.plist;
				LD_RUNPATH_SEARCH_PATHS = "$(inherited) @executable_path/Frameworks @loader_path/Frameworks";
				PRODUCT_BUNDLE_IDENTIFIER = it.sciencespir.CurrencyTickerTests;
				PRODUCT_NAME = "$(TARGET_NAME)";
				SWIFT_VERSION = 3.0;
				TEST_HOST = "$(BUILT_PRODUCTS_DIR)/CurrencyTicker.app/CurrencyTicker";
			};
			name = Release;
		};
		ED22F5091E5767AD00E98912 /* Debug */ = {
			isa = XCBuildConfiguration;
			baseConfigurationReference = 45F2007B18F31565FC5575A3 /* Pods-CurrencyTickerKit.debug.xcconfig */;
			buildSettings = {
				CLANG_ENABLE_MODULES = YES;
				CODE_SIGN_IDENTITY = "";
				CURRENT_PROJECT_VERSION = 1;
				DEFINES_MODULE = YES;
				DEVELOPMENT_TEAM = EWQZR3J8HN;
				DYLIB_COMPATIBILITY_VERSION = 1;
				DYLIB_CURRENT_VERSION = 1;
				DYLIB_INSTALL_NAME_BASE = "@rpath";
				INFOPLIST_FILE = CurrencyTickerKit/Info.plist;
				INSTALL_PATH = "$(LOCAL_LIBRARY_DIR)/Frameworks";
				LD_RUNPATH_SEARCH_PATHS = "$(inherited) @executable_path/Frameworks @loader_path/Frameworks";
				PRODUCT_BUNDLE_IDENTIFIER = it.sciencespir.CurrencyTickerKit;
				PRODUCT_NAME = "$(TARGET_NAME)";
				SKIP_INSTALL = YES;
				SWIFT_OPTIMIZATION_LEVEL = "-Onone";
				SWIFT_VERSION = 3.0;
				VERSIONING_SYSTEM = "apple-generic";
				VERSION_INFO_PREFIX = "";
			};
			name = Debug;
		};
		ED22F50A1E5767AD00E98912 /* Release */ = {
			isa = XCBuildConfiguration;
			baseConfigurationReference = 11FB46D774043C93CA81DA69 /* Pods-CurrencyTickerKit.release.xcconfig */;
			buildSettings = {
				CLANG_ENABLE_MODULES = YES;
				CODE_SIGN_IDENTITY = "";
				CURRENT_PROJECT_VERSION = 1;
				DEFINES_MODULE = YES;
				DEVELOPMENT_TEAM = EWQZR3J8HN;
				DYLIB_COMPATIBILITY_VERSION = 1;
				DYLIB_CURRENT_VERSION = 1;
				DYLIB_INSTALL_NAME_BASE = "@rpath";
				INFOPLIST_FILE = CurrencyTickerKit/Info.plist;
				INSTALL_PATH = "$(LOCAL_LIBRARY_DIR)/Frameworks";
				LD_RUNPATH_SEARCH_PATHS = "$(inherited) @executable_path/Frameworks @loader_path/Frameworks";
				PRODUCT_BUNDLE_IDENTIFIER = it.sciencespir.CurrencyTickerKit;
				PRODUCT_NAME = "$(TARGET_NAME)";
				SKIP_INSTALL = YES;
				SWIFT_VERSION = 3.0;
				VERSIONING_SYSTEM = "apple-generic";
				VERSION_INFO_PREFIX = "";
			};
			name = Release;
		};
		ED22F50D1E5767AD00E98912 /* Debug */ = {
			isa = XCBuildConfiguration;
			baseConfigurationReference = 9282A13B84891A7181F2B839 /* Pods-CurrencyTickerKitTests.debug.xcconfig */;
			buildSettings = {
				ALWAYS_EMBED_SWIFT_STANDARD_LIBRARIES = YES;
				DEVELOPMENT_TEAM = EWQZR3J8HN;
				INFOPLIST_FILE = CurrencyTickerKitTests/Info.plist;
				LD_RUNPATH_SEARCH_PATHS = "$(inherited) @executable_path/Frameworks @loader_path/Frameworks";
				PRODUCT_BUNDLE_IDENTIFIER = it.sciencespir.CurrencyTickerKitTests;
				PRODUCT_NAME = "$(TARGET_NAME)";
				SWIFT_VERSION = 3.0;
				TEST_HOST = "$(BUILT_PRODUCTS_DIR)/CurrencyTicker.app/CurrencyTicker";
			};
			name = Debug;
		};
		ED22F50E1E5767AD00E98912 /* Release */ = {
			isa = XCBuildConfiguration;
			baseConfigurationReference = 0C8196A3070CA7A92E5C337D /* Pods-CurrencyTickerKitTests.release.xcconfig */;
			buildSettings = {
				ALWAYS_EMBED_SWIFT_STANDARD_LIBRARIES = YES;
				DEVELOPMENT_TEAM = EWQZR3J8HN;
				INFOPLIST_FILE = CurrencyTickerKitTests/Info.plist;
				LD_RUNPATH_SEARCH_PATHS = "$(inherited) @executable_path/Frameworks @loader_path/Frameworks";
				PRODUCT_BUNDLE_IDENTIFIER = it.sciencespir.CurrencyTickerKitTests;
				PRODUCT_NAME = "$(TARGET_NAME)";
				SWIFT_VERSION = 3.0;
				TEST_HOST = "$(BUILT_PRODUCTS_DIR)/CurrencyTicker.app/CurrencyTicker";
			};
			name = Release;
		};
		ED22F52C1E5767BB00E98912 /* Debug */ = {
			isa = XCBuildConfiguration;
			baseConfigurationReference = EBE24AE9F3810A822ABB9B33 /* Pods-CurrencyTickeriOS.debug.xcconfig */;
			buildSettings = {
				CODE_SIGN_IDENTITY = "";
				CURRENT_PROJECT_VERSION = 1;
				DEFINES_MODULE = YES;
				DEVELOPMENT_TEAM = EWQZR3J8HN;
				DYLIB_COMPATIBILITY_VERSION = 1;
				DYLIB_CURRENT_VERSION = 1;
				DYLIB_INSTALL_NAME_BASE = "@rpath";
				INFOPLIST_FILE = CurrencyTickeriOS/Info.plist;
				INSTALL_PATH = "$(LOCAL_LIBRARY_DIR)/Frameworks";
				LD_RUNPATH_SEARCH_PATHS = "$(inherited) @executable_path/Frameworks @loader_path/Frameworks";
				PRODUCT_BUNDLE_IDENTIFIER = it.sciencespir.CurrencyTickeriOS;
				PRODUCT_NAME = "$(TARGET_NAME)";
				SKIP_INSTALL = YES;
				SWIFT_VERSION = 3.0;
				VERSIONING_SYSTEM = "apple-generic";
				VERSION_INFO_PREFIX = "";
			};
			name = Debug;
		};
		ED22F52D1E5767BB00E98912 /* Release */ = {
			isa = XCBuildConfiguration;
			baseConfigurationReference = 896CCC990B40D9248FA195FA /* Pods-CurrencyTickeriOS.release.xcconfig */;
			buildSettings = {
				CODE_SIGN_IDENTITY = "";
				CURRENT_PROJECT_VERSION = 1;
				DEFINES_MODULE = YES;
				DEVELOPMENT_TEAM = EWQZR3J8HN;
				DYLIB_COMPATIBILITY_VERSION = 1;
				DYLIB_CURRENT_VERSION = 1;
				DYLIB_INSTALL_NAME_BASE = "@rpath";
				INFOPLIST_FILE = CurrencyTickeriOS/Info.plist;
				INSTALL_PATH = "$(LOCAL_LIBRARY_DIR)/Frameworks";
				LD_RUNPATH_SEARCH_PATHS = "$(inherited) @executable_path/Frameworks @loader_path/Frameworks";
				PRODUCT_BUNDLE_IDENTIFIER = it.sciencespir.CurrencyTickeriOS;
				PRODUCT_NAME = "$(TARGET_NAME)";
				SKIP_INSTALL = YES;
				SWIFT_VERSION = 3.0;
				VERSIONING_SYSTEM = "apple-generic";
				VERSION_INFO_PREFIX = "";
			};
			name = Release;
		};
		ED22F52F1E5767BB00E98912 /* Debug */ = {
			isa = XCBuildConfiguration;
			buildSettings = {
				ALWAYS_EMBED_SWIFT_STANDARD_LIBRARIES = YES;
				DEVELOPMENT_TEAM = EWQZR3J8HN;
				INFOPLIST_FILE = CurrencyTickeriOSTests/Info.plist;
				LD_RUNPATH_SEARCH_PATHS = "$(inherited) @executable_path/Frameworks @loader_path/Frameworks";
				PRODUCT_BUNDLE_IDENTIFIER = it.sciencespir.CurrencyTickeriOSTests;
				PRODUCT_NAME = "$(TARGET_NAME)";
				SWIFT_VERSION = 3.0;
				TEST_HOST = "$(BUILT_PRODUCTS_DIR)/CurrencyTicker.app/CurrencyTicker";
			};
			name = Debug;
		};
		ED22F5301E5767BB00E98912 /* Release */ = {
			isa = XCBuildConfiguration;
			buildSettings = {
				ALWAYS_EMBED_SWIFT_STANDARD_LIBRARIES = YES;
				DEVELOPMENT_TEAM = EWQZR3J8HN;
				INFOPLIST_FILE = CurrencyTickeriOSTests/Info.plist;
				LD_RUNPATH_SEARCH_PATHS = "$(inherited) @executable_path/Frameworks @loader_path/Frameworks";
				PRODUCT_BUNDLE_IDENTIFIER = it.sciencespir.CurrencyTickeriOSTests;
				PRODUCT_NAME = "$(TARGET_NAME)";
				SWIFT_VERSION = 3.0;
				TEST_HOST = "$(BUILT_PRODUCTS_DIR)/CurrencyTicker.app/CurrencyTicker";
			};
			name = Release;
		};
/* End XCBuildConfiguration section */

/* Begin XCConfigurationList section */
		ED22F4C41E57636C00E98912 /* Build configuration list for PBXProject "CurrencyTicker" */ = {
			isa = XCConfigurationList;
			buildConfigurations = (
				ED22F4E41E57636C00E98912 /* Debug */,
				ED22F4E51E57636C00E98912 /* Release */,
			);
			defaultConfigurationIsVisible = 0;
			defaultConfigurationName = Release;
		};
		ED22F4E61E57636C00E98912 /* Build configuration list for PBXNativeTarget "CurrencyTicker" */ = {
			isa = XCConfigurationList;
			buildConfigurations = (
				ED22F4E71E57636C00E98912 /* Debug */,
				ED22F4E81E57636C00E98912 /* Release */,
			);
			defaultConfigurationIsVisible = 0;
			defaultConfigurationName = Release;
		};
		ED22F4E91E57636C00E98912 /* Build configuration list for PBXNativeTarget "CurrencyTickerTests" */ = {
			isa = XCConfigurationList;
			buildConfigurations = (
				ED22F4EA1E57636C00E98912 /* Debug */,
				ED22F4EB1E57636C00E98912 /* Release */,
			);
			defaultConfigurationIsVisible = 0;
			defaultConfigurationName = Release;
		};
		ED22F5081E5767AD00E98912 /* Build configuration list for PBXNativeTarget "CurrencyTickerKit" */ = {
			isa = XCConfigurationList;
			buildConfigurations = (
				ED22F5091E5767AD00E98912 /* Debug */,
				ED22F50A1E5767AD00E98912 /* Release */,
			);
			defaultConfigurationIsVisible = 0;
			defaultConfigurationName = Release;
		};
		ED22F50C1E5767AD00E98912 /* Build configuration list for PBXNativeTarget "CurrencyTickerKitTests" */ = {
			isa = XCConfigurationList;
			buildConfigurations = (
				ED22F50D1E5767AD00E98912 /* Debug */,
				ED22F50E1E5767AD00E98912 /* Release */,
			);
			defaultConfigurationIsVisible = 0;
			defaultConfigurationName = Release;
		};
		ED22F52B1E5767BB00E98912 /* Build configuration list for PBXNativeTarget "CurrencyTickeriOS" */ = {
			isa = XCConfigurationList;
			buildConfigurations = (
				ED22F52C1E5767BB00E98912 /* Debug */,
				ED22F52D1E5767BB00E98912 /* Release */,
			);
			defaultConfigurationIsVisible = 0;
			defaultConfigurationName = Release;
		};
		ED22F52E1E5767BB00E98912 /* Build configuration list for PBXNativeTarget "CurrencyTickeriOSTests" */ = {
			isa = XCConfigurationList;
			buildConfigurations = (
				ED22F52F1E5767BB00E98912 /* Debug */,
				ED22F5301E5767BB00E98912 /* Release */,
			);
			defaultConfigurationIsVisible = 0;
			defaultConfigurationName = Release;
		};
/* End XCConfigurationList section */
	};
	rootObject = ED22F4C11E57636C00E98912 /* Project object */;
}
