PODS:
  - Alamofire (4.3.0)
  - Argo (4.1.2):
    - Runes (>= 4.0.0)
  - DZNEmptyDataSet (1.8.1)
  - EasyPeasy (1.4.1)
  - FoldingCell (2.0.3)
  - Moya (8.0.2):
    - Moya/Core (= 8.0.2)
  - Moya-Argo (2.0.0):
    - Moya-Argo/Core (= 2.0.0)
  - Moya-Argo/Core (2.0.0):
    - Argo (~> 4.1)
    - Moya (~> 8.0)
  - Moya/Core (8.0.2):
    - Alamofire (~> 4.1)
    - Result (~> 3.0)
  - Moya/ReactiveSwift (8.0.2):
    - Moya/Core
    - ReactiveSwift (~> 1.0)
  - Nimble (6.0.1)
  - Quick (1.0.0)
  - ReactiveCocoa (5.0.0):
    - ReactiveSwift (~> 1.0.0)
  - ReactiveSwift (1.0.0):
    - Result (~> 3.1)
  - Result (3.1.0)
  - Runes (4.0.1)
  - SwiftCharts (0.5.1)
  - SwiftMessages (3.1.5)

DEPENDENCIES:
  - Alamofire (~> 4.3)
  - DZNEmptyDataSet
  - EasyPeasy
  - FoldingCell
  - Moya
  - Moya-Argo
  - Moya/ReactiveSwift
  - Nimble
  - Quick
  - ReactiveCocoa
  - ReactiveSwift
  - SwiftCharts (~> 0.5)
  - SwiftMessages

SPEC CHECKSUMS:
  Alamofire: 856a113053a7bc9cbe5d6367a555d773fc5cfef7
  Argo: 5db06502fc1222d83011f574243089dab25202ff
  DZNEmptyDataSet: 9525833b9e68ac21c30253e1d3d7076cc828eaa7
  EasyPeasy: b8a2feebd47395aaf46bde178abcddd36c922d37
  FoldingCell: 2f3113051609167776743415fc00ed877ac6d62c
  Moya: 47f61da5b634aa71f676431b64ee0f81e976296d
  Moya-Argo: ae9a8c7d10e0ab052b22f215d1fe540d31bb32d3
  Nimble: 1527fd1bd2b4cf0636251a36bc8ab37e81da8347
  Quick: 8024e4a47e6cc03a9d5245ef0948264fc6d27cff
  ReactiveCocoa: 60ef0da915b4f70c34ebecc3f4fb8f96af0e53d6
  ReactiveSwift: f391724ee318a2cfd3e37dfb041cd49ecf4e7869
  Result: 4e3ed5995ed94d0cd6a09be9a431fce3f3624bbf
  Runes: ff20f163b478ac2c0e18158d6086fd5b1997f983
  SwiftCharts: d263289cdc7fc955fef54ae3bc6529f696e69933
  SwiftMessages: bb85d7c30e85256f9367214b0907e1f409e1870a

PODFILE CHECKSUM: 4871cfb5c95f116f55de1f054b2ce4ed104585a6

COCOAPODS: 1.2.0
